{
  "requires": true,
  "lockfileVersion": 1,
  "dependencies": {
    "@openzeppelin/contracts": {
      "version": "2.5.1",
      "resolved": "https://registry.npm.taobao.org/@openzeppelin/contracts/download/@openzeppelin/contracts-2.5.1.tgz",
      "integrity": "sha1-x24/xXqiJNo3GOw1GBKkJRKJ2zE="
    }
  }
}
